{
    "name": "@figma-export/types",
    "version": "2.0.0-alpha.1",
    "lockfileVersion": 1,
    "requires": true,
    "dependencies": {
        "@types/figma": {
            "version": "1.0.2",
            "resolved": "https://registry.npmjs.org/@types/figma/-/figma-1.0.2.tgz",
            "integrity": "sha512-zpTY8Vps1QvOiQyQT6zPb6HPCWegd1eU0nBpyK80JFiVWp/kQszDlRQjXKMsrdfgvoO2V5yuEpgeT6ozYl35qQ=="
        }
    }
}
