{
    "name": "@figma-export/types",
    "version": "2.0.0-alpha.1",
    "lockfileVersion": 1,
    "requires": true,
    "dependencies": {
        "@types/figma": {
            "version": "1.0.3",
            "resolved": "https://registry.npmjs.org/@types/figma/-/figma-1.0.3.tgz",
            "integrity": "sha512-2jDGdTYyLabbRxAKLceNS7mfo06bwknvI27CGLbl7UKobHmIZ+HW/1dWEsLE0SC4yPf3/sL1l5atw3YCUXhJHQ=="
        }
    }
}
