{
    "name": "@figma-export/output-components-as-svg",
    "version": "2.2.0",
    "lockfileVersion": 1,
    "requires": true,
    "dependencies": {
        "@figma-export/types": {
            "version": "2.2.0",
            "requires": {
                "@types/figma": "~1.0.3"
            },
            "dependencies": {
                "@types/figma": {
                    "version": "1.0.3",
                    "resolved": "https://registry.npmjs.org/@types/figma/-/figma-1.0.3.tgz",
                    "integrity": "sha512-2jDGdTYyLabbRxAKLceNS7mfo06bwknvI27CGLbl7UKobHmIZ+HW/1dWEsLE0SC4yPf3/sL1l5atw3YCUXhJHQ=="
                }
            }
        },
        "make-dir": {
            "version": "3.1.0",
            "resolved": "https://registry.npmjs.org/make-dir/-/make-dir-3.1.0.tgz",
            "integrity": "sha512-g3FeP20LNwhALb/6Cz6Dd4F2ngze0jz7tbzrD2wAV+o9FeNHe4rL+yK2md0J/fiSf1sa1ADhXqi5+oVwOM/eGw==",
            "requires": {
                "semver": "^6.0.0"
            }
        },
        "semver": {
            "version": "6.3.0",
            "resolved": "https://registry.npmjs.org/semver/-/semver-6.3.0.tgz",
            "integrity": "sha512-b39TBaTSfV6yBrapU89p5fKekE2m/NwnDocOVruQFS1/veMgdzuPcnOM34M6CwxW8jH/lxEa5rBoDeUwu5HHTw=="
        }
    }
}
